
Microsoft Visual Studio Solution File, Format Version 12.00
# Visual Studio 2012
Project("{FAE04EC0-301F-11D3-BF4B-00C04F79EFBC}") = "Accents", "Accents\Accents.csproj", "{C0BFEB5F-76D6-43F6-94B6-14C2933878D1}"
EndProject
Global
	GlobalSection(SolutionConfigurationPlatforms) = preSolution
		Debug|Any CPU = Debug|Any CPU
		Release|Any CPU = Release|Any CPU
	EndGlobalSection
	GlobalSection(ProjectConfigurationPlatforms) = postSolution
		{C0BFEB5F-76D6-43F6-94B6-14C2933878D1}.Debug|Any CPU.ActiveCfg = Debug|Any CPU
		{C0BFEB5F-76D6-43F6-94B6-14C2933878D1}.Debug|Any CPU.Build.0 = Debug|Any CPU
		{C0BFEB5F-76D6-43F6-94B6-14C2933878D1}.Release|Any CPU.ActiveCfg = Release|Any CPU
		{C0BFEB5F-76D6-43F6-94B6-14C2933878D1}.Release|Any CPU.Build.0 = Release|Any CPU
	EndGlobalSection
	GlobalSection(SolutionProperties) = preSolution
		HideSolutionNode = FALSE
	EndGlobalSection
EndGlobal
